{
  "name": "5.5",
  "lockfileVersion": 3,
  "requires": true,
  "packages": {
    "": {
      "dependencies": {
        "types-registry": "^0.1.691"
      },
      "devDependencies": {
        "@types/gh-pages": "^6.1.0",
        "@types/react": "^18.3.12",
        "@types/react-dom": "^18.3.1"
      }
    },
    "node_modules/@types/gh-pages": {
      "version": "6.1.0",
      "resolved": "https://registry.npmjs.org/@types/gh-pages/-/gh-pages-6.1.0.tgz",
      "integrity": "sha512-Ma9bmKkE+WUtywENLC1rSLXTW66cJHJMWX2RQrJTMKhYM8o+73bRJ1ebfo3RWXUcG+HW3khky2nhVaN7nCsa3Q==",
      "dev": true,
      "license": "MIT"
    },
    "node_modules/@types/prop-types": {
      "version": "15.7.13",
      "resolved": "https://registry.npmjs.org/@types/prop-types/-/prop-types-15.7.13.tgz",
      "integrity": "sha512-hCZTSvwbzWGvhqxp/RqVqwU999pBf2vp7hzIjiYOsl8wqOmUxkQ6ddw1cV3l8811+kdUFus/q4d1Y3E3SyEifA==",
      "dev": true,
      "license": "MIT"
    },
    "node_modules/@types/react": {
      "version": "18.3.12",
      "resolved": "https://registry.npmjs.org/@types/react/-/react-18.3.12.tgz",
      "integrity": "sha512-D2wOSq/d6Agt28q7rSI3jhU7G6aiuzljDGZ2hTZHIkrTLUI+AF3WMeKkEZ9nN2fkBAlcktT6vcZjDFiIhMYEQw==",
      "dev": true,
      "license": "MIT",
      "dependencies": {
        "@types/prop-types": "*",
        "csstype": "^3.0.2"
      }
    },
    "node_modules/@types/react-dom": {
      "version": "18.3.1",
      "resolved": "https://registry.npmjs.org/@types/react-dom/-/react-dom-18.3.1.tgz",
      "integrity": "sha512-qW1Mfv8taImTthu4KoXgDfLuk4bydU6Q/TkADnDWWHwi4NX4BR+LWfTp2sVmTqRrsHvyDDTelgelxJ+SsejKKQ==",
      "dev": true,
      "license": "MIT",
      "dependencies": {
        "@types/react": "*"
      }
    },
    "node_modules/csstype": {
      "version": "3.1.3",
      "resolved": "https://registry.npmjs.org/csstype/-/csstype-3.1.3.tgz",
      "integrity": "sha512-M1uQkMl8rQK/szD0LNhtqxIPLpimGm8sOBwU7lLnCpSbTyY3yeU1Vc7l4KT5zT4s/yOxHH5O7tIuuLOCnLADRw==",
      "dev": true,
      "license": "MIT"
    },
    "node_modules/types-registry": {
      "version": "0.1.691",
      "resolved": "https://registry.npmjs.org/types-registry/-/types-registry-0.1.691.tgz",
      "integrity": "sha512-SZeVe+Bg9jLb8CAoYDWMD3m+7U//6QIx/upOlTKoI41/yGh+0Mnc5jyxB++NXJeZJFLeFFXlXkwROLN2ro3xEw==",
      "license": "MIT"
    }
  }
}
